
Microsoft Visual Studio Solution File, Format Version 12.00
# Visual Studio Version 17
VisualStudioVersion = 17.4.33205.214
MinimumVisualStudioVersion = 10.0.40219.1
Project("{FAE04EC0-301F-11D3-BF4B-00C04F79EFBC}") = "Open-Lab-10.00", "Open-Lab-10.00\Open-Lab-10.00.csproj", "{8EC978FE-C9C8-47E2-AE74-0AF0B5BE45AA}"
EndProject
Global
	GlobalSection(SolutionConfigurationPlatforms) = preSolution
		Debug|Any CPU = Debug|Any CPU
		Release|Any CPU = Release|Any CPU
	EndGlobalSection
	GlobalSection(ProjectConfigurationPlatforms) = postSolution
		{8EC978FE-C9C8-47E2-AE74-0AF0B5BE45AA}.Debug|Any CPU.ActiveCfg = Debug|Any CPU
		{8EC978FE-C9C8-47E2-AE74-0AF0B5BE45AA}.Debug|Any CPU.Build.0 = Debug|Any CPU
		{8EC978FE-C9C8-47E2-AE74-0AF0B5BE45AA}.Release|Any CPU.ActiveCfg = Release|Any CPU
		{8EC978FE-C9C8-47E2-AE74-0AF0B5BE45AA}.Release|Any CPU.Build.0 = Release|Any CPU
	EndGlobalSection
	GlobalSection(SolutionProperties) = preSolution
		HideSolutionNode = FALSE
	EndGlobalSection
	GlobalSection(ExtensibilityGlobals) = postSolution
		SolutionGuid = {E0F38E52-A4CA-4200-9267-04FCD0077C9E}
	EndGlobalSection
EndGlobal
